
Microsoft Visual Studio Solution File, Format Version 12.00
# Visual Studio 15
VisualStudioVersion = 15.0.28307.902
MinimumVisualStudioVersion = 10.0.40219.1
Project("{FAE04EC0-301F-11D3-BF4B-00C04F79EFBC}") = "HelloWorldEx01", "HelloWorldEx01\HelloWorldEx01.csproj", "{DFF16158-7C40-4D74-8EAA-7E88F37F2005}"
EndProject
Project("{FAE04EC0-301F-11D3-BF4B-00C04F79EFBC}") = "DataType", "DataType\DataType.csproj", "{42BB250A-6B75-476C-8F80-F4C062592AAE}"
EndProject
Project("{FAE04EC0-301F-11D3-BF4B-00C04F79EFBC}") = "CSVar", "CSVar\CSVar.csproj", "{4E57E27C-2286-480C-BFE0-36BFC4370204}"
EndProject
Project("{FAE04EC0-301F-11D3-BF4B-00C04F79EFBC}") = "Ex191209", "Ex191209\Ex191209.csproj", "{3DEAB985-C002-4C9F-AF6F-C7750785B9F9}"
EndProject
Project("{FAE04EC0-301F-11D3-BF4B-00C04F79EFBC}") = "ArrayType", "ArrayType\ArrayType.csproj", "{02239161-A1C5-490A-9E5E-1369090CCD9F}"
EndProject
Project("{FAE04EC0-301F-11D3-BF4B-00C04F79EFBC}") = "StringType", "StringType\StringType.csproj", "{3BA6C4EE-D103-42D6-A6ED-356919469CBD}"
EndProject
Project("{9A19103F-16F7-4668-BE54-9A1E7A4F7556}") = "ExTests", "ExTests\ExTests.csproj", "{1FB3D042-0200-4CDC-84E3-49DDD7A62EB7}"
EndProject
Project("{FAE04EC0-301F-11D3-BF4B-00C04F79EFBC}") = "EnumType", "EnumType\EnumType.csproj", "{8FCE0925-A1A5-44EF-814F-B7EE32EC68FB}"
EndProject
Project("{FAE04EC0-301F-11D3-BF4B-00C04F79EFBC}") = "LoopEx", "LoopEx\LoopEx.csproj", "{3E87B700-BF48-46E2-896F-DD5DC1946685}"
EndProject
Project("{FAE04EC0-301F-11D3-BF4B-00C04F79EFBC}") = "ExceptionEx", "ExceptionEx\ExceptionEx.csproj", "{291F505A-19A6-4292-89D0-198C4AE5ABE6}"
EndProject
Project("{FAE04EC0-301F-11D3-BF4B-00C04F79EFBC}") = "NamespaceEx", "NamespaceEx\NamespaceEx.csproj", "{9B4B5445-AE0F-49F5-86DD-0983FF5AAD9B}"
EndProject
Project("{FAE04EC0-301F-11D3-BF4B-00C04F79EFBC}") = "StructEx", "StructEx\StructEx.csproj", "{0920DBA3-98EE-482A-8DDF-C34BF91EB09E}"
EndProject
Project("{FAE04EC0-301F-11D3-BF4B-00C04F79EFBC}") = "EventHandlerEx", "EventHandlerEx\EventHandlerEx.csproj", "{2B5502A2-4B6F-4934-9DCA-4D11CE1D02BE}"
EndProject
Project("{FAE04EC0-301F-11D3-BF4B-00C04F79EFBC}") = "PreprocessorEx", "PreprocessorEx\PreprocessorEx.csproj", "{85440C56-FF47-4C2E-AF88-25F80CE0A877}"
EndProject
Project("{FAE04EC0-301F-11D3-BF4B-00C04F79EFBC}") = "IndexerEx", "IndexerEx\IndexerEx.csproj", "{32CD4873-3F8F-4F0A-B6AA-BBBCC1CA49E8}"
EndProject
Project("{FAE04EC0-301F-11D3-BF4B-00C04F79EFBC}") = "AccessModifierEx", "AccessModifierEx\AccessModifierEx.csproj", "{6617CEDD-DDFE-4FD8-AB81-D75984870990}"
EndProject
Project("{FAE04EC0-301F-11D3-BF4B-00C04F79EFBC}") = "inheritanceEx", "inheritanceEx\inheritanceEx.csproj", "{89C7925F-E19C-4042-96C6-12F37ED25AF8}"
EndProject
Project("{FAE04EC0-301F-11D3-BF4B-00C04F79EFBC}") = "GenericEx", "GenericEx\GenericEx.csproj", "{8F01D4BB-45AF-4B07-BD2D-F00E4B9EC6D5}"
EndProject
Project("{FAE04EC0-301F-11D3-BF4B-00C04F79EFBC}") = "InterfaceEx", "InterfaceEx\InterfaceEx.csproj", "{E6EC16E3-12A8-4D3F-B814-0EE619A7A30E}"
EndProject
Project("{FAE04EC0-301F-11D3-BF4B-00C04F79EFBC}") = "DelegateEx", "DelegateEx\DelegateEx.csproj", "{0EB9E2F8-43C3-4387-825B-9B399F5A6469}"
EndProject
Project("{FAE04EC0-301F-11D3-BF4B-00C04F79EFBC}") = "DelegateEx01", "DelegateEx01\DelegateEx01.csproj", "{EB933407-9D2B-444C-8447-C5C0E0E1B59C}"
EndProject
Project("{FAE04EC0-301F-11D3-BF4B-00C04F79EFBC}") = "DelegateEx02", "DelegateEx02\DelegateEx02.csproj", "{79567F7B-E8A3-41E9-ABC4-746BA8BF9F95}"
EndProject
Project("{FAE04EC0-301F-11D3-BF4B-00C04F79EFBC}") = "DelegateEx03", "DelegateEx03\DelegateEx03.csproj", "{A68875F6-9D8B-4DBA-B383-599E07F3FBB5}"
EndProject
Project("{FAE04EC0-301F-11D3-BF4B-00C04F79EFBC}") = "DelegateEx04", "DelegateEx04\DelegateEx04.csproj", "{0C340792-EC3D-4517-AE57-65536A1E9576}"
EndProject
Global
	GlobalSection(SolutionConfigurationPlatforms) = preSolution
		Debug|Any CPU = Debug|Any CPU
		Release|Any CPU = Release|Any CPU
	EndGlobalSection
	GlobalSection(ProjectConfigurationPlatforms) = postSolution
		{DFF16158-7C40-4D74-8EAA-7E88F37F2005}.Debug|Any CPU.ActiveCfg = Debug|Any CPU
		{DFF16158-7C40-4D74-8EAA-7E88F37F2005}.Debug|Any CPU.Build.0 = Debug|Any CPU
		{DFF16158-7C40-4D74-8EAA-7E88F37F2005}.Release|Any CPU.ActiveCfg = Release|Any CPU
		{DFF16158-7C40-4D74-8EAA-7E88F37F2005}.Release|Any CPU.Build.0 = Release|Any CPU
		{42BB250A-6B75-476C-8F80-F4C062592AAE}.Debug|Any CPU.ActiveCfg = Debug|Any CPU
		{42BB250A-6B75-476C-8F80-F4C062592AAE}.Debug|Any CPU.Build.0 = Debug|Any CPU
		{42BB250A-6B75-476C-8F80-F4C062592AAE}.Release|Any CPU.ActiveCfg = Release|Any CPU
		{42BB250A-6B75-476C-8F80-F4C062592AAE}.Release|Any CPU.Build.0 = Release|Any CPU
		{4E57E27C-2286-480C-BFE0-36BFC4370204}.Debug|Any CPU.ActiveCfg = Debug|Any CPU
		{4E57E27C-2286-480C-BFE0-36BFC4370204}.Debug|Any CPU.Build.0 = Debug|Any CPU
		{4E57E27C-2286-480C-BFE0-36BFC4370204}.Release|Any CPU.ActiveCfg = Release|Any CPU
		{4E57E27C-2286-480C-BFE0-36BFC4370204}.Release|Any CPU.Build.0 = Release|Any CPU
		{3DEAB985-C002-4C9F-AF6F-C7750785B9F9}.Debug|Any CPU.ActiveCfg = Debug|Any CPU
		{3DEAB985-C002-4C9F-AF6F-C7750785B9F9}.Debug|Any CPU.Build.0 = Debug|Any CPU
		{3DEAB985-C002-4C9F-AF6F-C7750785B9F9}.Release|Any CPU.ActiveCfg = Release|Any CPU
		{3DEAB985-C002-4C9F-AF6F-C7750785B9F9}.Release|Any CPU.Build.0 = Release|Any CPU
		{02239161-A1C5-490A-9E5E-1369090CCD9F}.Debug|Any CPU.ActiveCfg = Debug|Any CPU
		{02239161-A1C5-490A-9E5E-1369090CCD9F}.Debug|Any CPU.Build.0 = Debug|Any CPU
		{02239161-A1C5-490A-9E5E-1369090CCD9F}.Release|Any CPU.ActiveCfg = Release|Any CPU
		{02239161-A1C5-490A-9E5E-1369090CCD9F}.Release|Any CPU.Build.0 = Release|Any CPU
		{3BA6C4EE-D103-42D6-A6ED-356919469CBD}.Debug|Any CPU.ActiveCfg = Debug|Any CPU
		{3BA6C4EE-D103-42D6-A6ED-356919469CBD}.Debug|Any CPU.Build.0 = Debug|Any CPU
		{3BA6C4EE-D103-42D6-A6ED-356919469CBD}.Release|Any CPU.ActiveCfg = Release|Any CPU
		{3BA6C4EE-D103-42D6-A6ED-356919469CBD}.Release|Any CPU.Build.0 = Release|Any CPU
		{1FB3D042-0200-4CDC-84E3-49DDD7A62EB7}.Debug|Any CPU.ActiveCfg = Debug|Any CPU
		{1FB3D042-0200-4CDC-84E3-49DDD7A62EB7}.Debug|Any CPU.Build.0 = Debug|Any CPU
		{1FB3D042-0200-4CDC-84E3-49DDD7A62EB7}.Release|Any CPU.ActiveCfg = Release|Any CPU
		{1FB3D042-0200-4CDC-84E3-49DDD7A62EB7}.Release|Any CPU.Build.0 = Release|Any CPU
		{8FCE0925-A1A5-44EF-814F-B7EE32EC68FB}.Debug|Any CPU.ActiveCfg = Debug|Any CPU
		{8FCE0925-A1A5-44EF-814F-B7EE32EC68FB}.Debug|Any CPU.Build.0 = Debug|Any CPU
		{8FCE0925-A1A5-44EF-814F-B7EE32EC68FB}.Release|Any CPU.ActiveCfg = Release|Any CPU
		{8FCE0925-A1A5-44EF-814F-B7EE32EC68FB}.Release|Any CPU.Build.0 = Release|Any CPU
		{3E87B700-BF48-46E2-896F-DD5DC1946685}.Debug|Any CPU.ActiveCfg = Debug|Any CPU
		{3E87B700-BF48-46E2-896F-DD5DC1946685}.Debug|Any CPU.Build.0 = Debug|Any CPU
		{3E87B700-BF48-46E2-896F-DD5DC1946685}.Release|Any CPU.ActiveCfg = Release|Any CPU
		{3E87B700-BF48-46E2-896F-DD5DC1946685}.Release|Any CPU.Build.0 = Release|Any CPU
		{291F505A-19A6-4292-89D0-198C4AE5ABE6}.Debug|Any CPU.ActiveCfg = Debug|Any CPU
		{291F505A-19A6-4292-89D0-198C4AE5ABE6}.Debug|Any CPU.Build.0 = Debug|Any CPU
		{291F505A-19A6-4292-89D0-198C4AE5ABE6}.Release|Any CPU.ActiveCfg = Release|Any CPU
		{291F505A-19A6-4292-89D0-198C4AE5ABE6}.Release|Any CPU.Build.0 = Release|Any CPU
		{9B4B5445-AE0F-49F5-86DD-0983FF5AAD9B}.Debug|Any CPU.ActiveCfg = Debug|Any CPU
		{9B4B5445-AE0F-49F5-86DD-0983FF5AAD9B}.Debug|Any CPU.Build.0 = Debug|Any CPU
		{9B4B5445-AE0F-49F5-86DD-0983FF5AAD9B}.Release|Any CPU.ActiveCfg = Release|Any CPU
		{9B4B5445-AE0F-49F5-86DD-0983FF5AAD9B}.Release|Any CPU.Build.0 = Release|Any CPU
		{0920DBA3-98EE-482A-8DDF-C34BF91EB09E}.Debug|Any CPU.ActiveCfg = Debug|Any CPU
		{0920DBA3-98EE-482A-8DDF-C34BF91EB09E}.Debug|Any CPU.Build.0 = Debug|Any CPU
		{0920DBA3-98EE-482A-8DDF-C34BF91EB09E}.Release|Any CPU.ActiveCfg = Release|Any CPU
		{0920DBA3-98EE-482A-8DDF-C34BF91EB09E}.Release|Any CPU.Build.0 = Release|Any CPU
		{2B5502A2-4B6F-4934-9DCA-4D11CE1D02BE}.Debug|Any CPU.ActiveCfg = Debug|Any CPU
		{2B5502A2-4B6F-4934-9DCA-4D11CE1D02BE}.Debug|Any CPU.Build.0 = Debug|Any CPU
		{2B5502A2-4B6F-4934-9DCA-4D11CE1D02BE}.Release|Any CPU.ActiveCfg = Release|Any CPU
		{2B5502A2-4B6F-4934-9DCA-4D11CE1D02BE}.Release|Any CPU.Build.0 = Release|Any CPU
		{85440C56-FF47-4C2E-AF88-25F80CE0A877}.Debug|Any CPU.ActiveCfg = Debug|Any CPU
		{85440C56-FF47-4C2E-AF88-25F80CE0A877}.Debug|Any CPU.Build.0 = Debug|Any CPU
		{85440C56-FF47-4C2E-AF88-25F80CE0A877}.Release|Any CPU.ActiveCfg = Release|Any CPU
		{85440C56-FF47-4C2E-AF88-25F80CE0A877}.Release|Any CPU.Build.0 = Release|Any CPU
		{32CD4873-3F8F-4F0A-B6AA-BBBCC1CA49E8}.Debug|Any CPU.ActiveCfg = Debug|Any CPU
		{32CD4873-3F8F-4F0A-B6AA-BBBCC1CA49E8}.Debug|Any CPU.Build.0 = Debug|Any CPU
		{32CD4873-3F8F-4F0A-B6AA-BBBCC1CA49E8}.Release|Any CPU.ActiveCfg = Release|Any CPU
		{32CD4873-3F8F-4F0A-B6AA-BBBCC1CA49E8}.Release|Any CPU.Build.0 = Release|Any CPU
		{6617CEDD-DDFE-4FD8-AB81-D75984870990}.Debug|Any CPU.ActiveCfg = Debug|Any CPU
		{6617CEDD-DDFE-4FD8-AB81-D75984870990}.Debug|Any CPU.Build.0 = Debug|Any CPU
		{6617CEDD-DDFE-4FD8-AB81-D75984870990}.Release|Any CPU.ActiveCfg = Release|Any CPU
		{6617CEDD-DDFE-4FD8-AB81-D75984870990}.Release|Any CPU.Build.0 = Release|Any CPU
		{89C7925F-E19C-4042-96C6-12F37ED25AF8}.Debug|Any CPU.ActiveCfg = Debug|Any CPU
		{89C7925F-E19C-4042-96C6-12F37ED25AF8}.Debug|Any CPU.Build.0 = Debug|Any CPU
		{89C7925F-E19C-4042-96C6-12F37ED25AF8}.Release|Any CPU.ActiveCfg = Release|Any CPU
		{89C7925F-E19C-4042-96C6-12F37ED25AF8}.Release|Any CPU.Build.0 = Release|Any CPU
		{8F01D4BB-45AF-4B07-BD2D-F00E4B9EC6D5}.Debug|Any CPU.ActiveCfg = Debug|Any CPU
		{8F01D4BB-45AF-4B07-BD2D-F00E4B9EC6D5}.Debug|Any CPU.Build.0 = Debug|Any CPU
		{8F01D4BB-45AF-4B07-BD2D-F00E4B9EC6D5}.Release|Any CPU.ActiveCfg = Release|Any CPU
		{8F01D4BB-45AF-4B07-BD2D-F00E4B9EC6D5}.Release|Any CPU.Build.0 = Release|Any CPU
		{E6EC16E3-12A8-4D3F-B814-0EE619A7A30E}.Debug|Any CPU.ActiveCfg = Debug|Any CPU
		{E6EC16E3-12A8-4D3F-B814-0EE619A7A30E}.Debug|Any CPU.Build.0 = Debug|Any CPU
		{E6EC16E3-12A8-4D3F-B814-0EE619A7A30E}.Release|Any CPU.ActiveCfg = Release|Any CPU
		{E6EC16E3-12A8-4D3F-B814-0EE619A7A30E}.Release|Any CPU.Build.0 = Release|Any CPU
		{0EB9E2F8-43C3-4387-825B-9B399F5A6469}.Debug|Any CPU.ActiveCfg = Debug|Any CPU
		{0EB9E2F8-43C3-4387-825B-9B399F5A6469}.Debug|Any CPU.Build.0 = Debug|Any CPU
		{0EB9E2F8-43C3-4387-825B-9B399F5A6469}.Release|Any CPU.ActiveCfg = Release|Any CPU
		{0EB9E2F8-43C3-4387-825B-9B399F5A6469}.Release|Any CPU.Build.0 = Release|Any CPU
		{EB933407-9D2B-444C-8447-C5C0E0E1B59C}.Debug|Any CPU.ActiveCfg = Debug|Any CPU
		{EB933407-9D2B-444C-8447-C5C0E0E1B59C}.Debug|Any CPU.Build.0 = Debug|Any CPU
		{EB933407-9D2B-444C-8447-C5C0E0E1B59C}.Release|Any CPU.ActiveCfg = Release|Any CPU
		{EB933407-9D2B-444C-8447-C5C0E0E1B59C}.Release|Any CPU.Build.0 = Release|Any CPU
		{79567F7B-E8A3-41E9-ABC4-746BA8BF9F95}.Debug|Any CPU.ActiveCfg = Debug|Any CPU
		{79567F7B-E8A3-41E9-ABC4-746BA8BF9F95}.Debug|Any CPU.Build.0 = Debug|Any CPU
		{79567F7B-E8A3-41E9-ABC4-746BA8BF9F95}.Release|Any CPU.ActiveCfg = Release|Any CPU
		{79567F7B-E8A3-41E9-ABC4-746BA8BF9F95}.Release|Any CPU.Build.0 = Release|Any CPU
		{A68875F6-9D8B-4DBA-B383-599E07F3FBB5}.Debug|Any CPU.ActiveCfg = Debug|Any CPU
		{A68875F6-9D8B-4DBA-B383-599E07F3FBB5}.Debug|Any CPU.Build.0 = Debug|Any CPU
		{A68875F6-9D8B-4DBA-B383-599E07F3FBB5}.Release|Any CPU.ActiveCfg = Release|Any CPU
		{A68875F6-9D8B-4DBA-B383-599E07F3FBB5}.Release|Any CPU.Build.0 = Release|Any CPU
		{0C340792-EC3D-4517-AE57-65536A1E9576}.Debug|Any CPU.ActiveCfg = Debug|Any CPU
		{0C340792-EC3D-4517-AE57-65536A1E9576}.Debug|Any CPU.Build.0 = Debug|Any CPU
		{0C340792-EC3D-4517-AE57-65536A1E9576}.Release|Any CPU.ActiveCfg = Release|Any CPU
		{0C340792-EC3D-4517-AE57-65536A1E9576}.Release|Any CPU.Build.0 = Release|Any CPU
	EndGlobalSection
	GlobalSection(SolutionProperties) = preSolution
		HideSolutionNode = FALSE
	EndGlobalSection
	GlobalSection(ExtensibilityGlobals) = postSolution
		SolutionGuid = {75F7266D-ED1A-4569-B305-1C8471DE4405}
	EndGlobalSection
EndGlobal
