
Microsoft Visual Studio Solution File, Format Version 12.00
# Visual Studio 15
VisualStudioVersion = 15.0.28307.902
MinimumVisualStudioVersion = 10.0.40219.1
Project("{FAE04EC0-301F-11D3-BF4B-00C04F79EFBC}") = "AccessModifierEx", "CSBasicGrammar\AccessModifierEx\AccessModifierEx.csproj", "{8DDA707F-7EB9-4BA3-8BC6-EB785DCD8855}"
EndProject
Project("{2150E333-8FDC-42A3-9474-1A3956D46DE8}") = "CSBasicGramar", "CSBasicGramar", "{668C5022-E8F6-4B70-8783-918A4593903F}"
EndProject
Project("{FAE04EC0-301F-11D3-BF4B-00C04F79EFBC}") = "AnonymousMethodEx", "CSBasicGrammar\AnonymousMethodEx\AnonymousMethodEx.csproj", "{A80424D0-E973-4B21-9933-353BCDDD0850}"
EndProject
Project("{FAE04EC0-301F-11D3-BF4B-00C04F79EFBC}") = "AnonymousTypeEx", "CSBasicGrammar\AnonymousTypeEx\AnonymousTypeEx.csproj", "{05664F31-BE03-42CB-992B-B4585977386B}"
EndProject
Project("{FAE04EC0-301F-11D3-BF4B-00C04F79EFBC}") = "ArrayType", "CSBasicGrammar\ArrayType\ArrayType.csproj", "{02239161-A1C5-490A-9E5E-1369090CCD9F}"
EndProject
Project("{FAE04EC0-301F-11D3-BF4B-00C04F79EFBC}") = "AwaitEx", "CSBasicGrammar\AwaitEx\AwaitEx.csproj", "{DB29C95E-80D3-4EB0-8670-8D4F0A03042C}"
EndProject
Project("{FAE04EC0-301F-11D3-BF4B-00C04F79EFBC}") = "CSVar", "CSBasicGrammar\CSVar\CSVar.csproj", "{4E57E27C-2286-480C-BFE0-36BFC4370204}"
EndProject
Project("{FAE04EC0-301F-11D3-BF4B-00C04F79EFBC}") = "DataType", "CSBasicGrammar\DataType\DataType.csproj", "{42BB250A-6B75-476C-8F80-F4C062592AAE}"
EndProject
Project("{FAE04EC0-301F-11D3-BF4B-00C04F79EFBC}") = "DelegateEx", "CSBasicGrammar\DelegateEx\DelegateEx.csproj", "{0EB9E2F8-43C3-4387-825B-9B399F5A6469}"
EndProject
Project("{FAE04EC0-301F-11D3-BF4B-00C04F79EFBC}") = "DelegateEx01", "CSBasicGrammar\DelegateEx01\DelegateEx01.csproj", "{EB933407-9D2B-444C-8447-C5C0E0E1B59C}"
EndProject
Project("{FAE04EC0-301F-11D3-BF4B-00C04F79EFBC}") = "DelegateEx02", "CSBasicGrammar\DelegateEx02\DelegateEx02.csproj", "{79567F7B-E8A3-41E9-ABC4-746BA8BF9F95}"
EndProject
Project("{FAE04EC0-301F-11D3-BF4B-00C04F79EFBC}") = "DelegateEx03", "CSBasicGrammar\DelegateEx03\DelegateEx03.csproj", "{A68875F6-9D8B-4DBA-B383-599E07F3FBB5}"
EndProject
Project("{FAE04EC0-301F-11D3-BF4B-00C04F79EFBC}") = "DelegateEx04", "CSBasicGrammar\DelegateEx04\DelegateEx04.csproj", "{0C340792-EC3D-4517-AE57-65536A1E9576}"
EndProject
Project("{FAE04EC0-301F-11D3-BF4B-00C04F79EFBC}") = "DynamicEx", "CSBasicGrammar\DynamicEx\DynamicEx.csproj", "{F5575F51-732D-4854-9CCA-853698689A7F}"
EndProject
Project("{FAE04EC0-301F-11D3-BF4B-00C04F79EFBC}") = "EnumType", "CSBasicGrammar\EnumType\EnumType.csproj", "{8FCE0925-A1A5-44EF-814F-B7EE32EC68FB}"
EndProject
Project("{FAE04EC0-301F-11D3-BF4B-00C04F79EFBC}") = "EventHandlerEx", "CSBasicGrammar\EventHandlerEx\EventHandlerEx.csproj", "{2B5502A2-4B6F-4934-9DCA-4D11CE1D02BE}"
EndProject
Project("{FAE04EC0-301F-11D3-BF4B-00C04F79EFBC}") = "Ex191209", "CSBasicGrammar\Ex191209\Ex191209.csproj", "{3DEAB985-C002-4C9F-AF6F-C7750785B9F9}"
EndProject
Project("{FAE04EC0-301F-11D3-BF4B-00C04F79EFBC}") = "ExceptionEx", "CSBasicGrammar\ExceptionEx\ExceptionEx.csproj", "{291F505A-19A6-4292-89D0-198C4AE5ABE6}"
EndProject
Project("{FAE04EC0-301F-11D3-BF4B-00C04F79EFBC}") = "ExpandoObjectEx", "CSBasicGrammar\ExpandoObject\ExpandoObjectEx.csproj", "{F0924093-38B5-4C05-9ED3-8014A79606F3}"
EndProject
Project("{FAE04EC0-301F-11D3-BF4B-00C04F79EFBC}") = "ExtensionMethodEx02", "CSBasicGrammar\ExtensionMethodEx02\ExtensionMethodEx02.csproj", "{9FF50278-4CBC-4E39-80C4-7169F38685E1}"
EndProject
Project("{FAE04EC0-301F-11D3-BF4B-00C04F79EFBC}") = "ExtensionMethodEx01", "CSBasicGrammar\ExtensionMethodEx\ExtensionMethodEx01.csproj", "{CE5D0515-8072-46EE-8745-56844162ABB2}"
EndProject
Project("{9A19103F-16F7-4668-BE54-9A1E7A4F7556}") = "ExTests", "CSBasicGrammar\ExTests\ExTests.csproj", "{A3071082-4E2F-448D-9395-AC4488BC478F}"
EndProject
Project("{FAE04EC0-301F-11D3-BF4B-00C04F79EFBC}") = "GenericEx", "CSBasicGrammar\GenericEx\GenericEx.csproj", "{8F01D4BB-45AF-4B07-BD2D-F00E4B9EC6D5}"
EndProject
Project("{FAE04EC0-301F-11D3-BF4B-00C04F79EFBC}") = "HelloWorldEx01", "CSBasicGrammar\HelloWorldEx01\HelloWorldEx01.csproj", "{DFF16158-7C40-4D74-8EAA-7E88F37F2005}"
EndProject
Project("{FAE04EC0-301F-11D3-BF4B-00C04F79EFBC}") = "IndexerEx", "CSBasicGrammar\IndexerEx\IndexerEx.csproj", "{32CD4873-3F8F-4F0A-B6AA-BBBCC1CA49E8}"
EndProject
Project("{FAE04EC0-301F-11D3-BF4B-00C04F79EFBC}") = "inheritanceEx", "CSBasicGrammar\inheritanceEx\inheritanceEx.csproj", "{89C7925F-E19C-4042-96C6-12F37ED25AF8}"
EndProject
Project("{FAE04EC0-301F-11D3-BF4B-00C04F79EFBC}") = "InterfaceEx", "CSBasicGrammar\InterfaceEx\InterfaceEx.csproj", "{E6EC16E3-12A8-4D3F-B814-0EE619A7A30E}"
EndProject
Project("{FAE04EC0-301F-11D3-BF4B-00C04F79EFBC}") = "LambdaFuncEx", "CSBasicGrammar\LambdaFuncEx\LambdaFuncEx.csproj", "{3DB7BAE2-046B-491D-8A6B-6F13D81867A8}"
EndProject
Project("{FAE04EC0-301F-11D3-BF4B-00C04F79EFBC}") = "LoopEx", "CSBasicGrammar\LoopEx\LoopEx.csproj", "{3E87B700-BF48-46E2-896F-DD5DC1946685}"
EndProject
Project("{FAE04EC0-301F-11D3-BF4B-00C04F79EFBC}") = "NamespaceEx", "CSBasicGrammar\NamespaceEx\NamespaceEx.csproj", "{9B4B5445-AE0F-49F5-86DD-0983FF5AAD9B}"
EndProject
Project("{FAE04EC0-301F-11D3-BF4B-00C04F79EFBC}") = "PreprocessorEx", "CSBasicGrammar\PreprocessorEx\PreprocessorEx.csproj", "{85440C56-FF47-4C2E-AF88-25F80CE0A877}"
EndProject
Project("{FAE04EC0-301F-11D3-BF4B-00C04F79EFBC}") = "StringType", "CSBasicGrammar\StringType\StringType.csproj", "{3BA6C4EE-D103-42D6-A6ED-356919469CBD}"
EndProject
Project("{FAE04EC0-301F-11D3-BF4B-00C04F79EFBC}") = "StructEx", "CSBasicGrammar\StructEx\StructEx.csproj", "{0920DBA3-98EE-482A-8DDF-C34BF91EB09E}"
EndProject
Project("{2150E333-8FDC-42A3-9474-1A3956D46DE8}") = "CSWinformPractice", "CSWinformPractice", "{8BB9044E-22AA-4255-929B-0542701931FD}"
EndProject
Project("{FAE04EC0-301F-11D3-BF4B-00C04F79EFBC}") = "MyFirstWinformAppEx", "CSWinformPractice\MyFirstWinformAppEx\MyFirstWinformAppEx.csproj", "{C89BDAF0-AB4C-449B-8700-0309BC4B7CF2}"
EndProject
Project("{FAE04EC0-301F-11D3-BF4B-00C04F79EFBC}") = "CheckBoxControlEx", "CSWinformPractice\CheckBoxControlEx\CheckBoxControlEx.csproj", "{4D37596A-DE6A-4933-BDC6-52462B4A695A}"
EndProject
Project("{FAE04EC0-301F-11D3-BF4B-00C04F79EFBC}") = "CheckedListBoxEx", "CSWinformPractice\CheckedListBoxEx\CheckedListBoxEx.csproj", "{9B6BEC63-DAA8-4544-91E9-2354C05F25BA}"
EndProject
Project("{FAE04EC0-301F-11D3-BF4B-00C04F79EFBC}") = "ComboBoxEx", "CSWinformPractice\ComboBoxEx\ComboBoxEx.csproj", "{DACF4C56-57A1-47D4-8338-FA264072C351}"
EndProject
Project("{FAE04EC0-301F-11D3-BF4B-00C04F79EFBC}") = "DataGridViewEx", "CSWinformPractice\DataGridViewEx\DataGridViewEx.csproj", "{B04BCE61-3C6B-4403-A9CB-36151BEB519C}"
EndProject
Global
	GlobalSection(SolutionConfigurationPlatforms) = preSolution
		Debug|Any CPU = Debug|Any CPU
		Release|Any CPU = Release|Any CPU
	EndGlobalSection
	GlobalSection(ProjectConfigurationPlatforms) = postSolution
		{8DDA707F-7EB9-4BA3-8BC6-EB785DCD8855}.Debug|Any CPU.ActiveCfg = Debug|Any CPU
		{8DDA707F-7EB9-4BA3-8BC6-EB785DCD8855}.Debug|Any CPU.Build.0 = Debug|Any CPU
		{8DDA707F-7EB9-4BA3-8BC6-EB785DCD8855}.Release|Any CPU.ActiveCfg = Release|Any CPU
		{8DDA707F-7EB9-4BA3-8BC6-EB785DCD8855}.Release|Any CPU.Build.0 = Release|Any CPU
		{A80424D0-E973-4B21-9933-353BCDDD0850}.Debug|Any CPU.ActiveCfg = Debug|Any CPU
		{A80424D0-E973-4B21-9933-353BCDDD0850}.Debug|Any CPU.Build.0 = Debug|Any CPU
		{A80424D0-E973-4B21-9933-353BCDDD0850}.Release|Any CPU.ActiveCfg = Release|Any CPU
		{A80424D0-E973-4B21-9933-353BCDDD0850}.Release|Any CPU.Build.0 = Release|Any CPU
		{05664F31-BE03-42CB-992B-B4585977386B}.Debug|Any CPU.ActiveCfg = Debug|Any CPU
		{05664F31-BE03-42CB-992B-B4585977386B}.Debug|Any CPU.Build.0 = Debug|Any CPU
		{05664F31-BE03-42CB-992B-B4585977386B}.Release|Any CPU.ActiveCfg = Release|Any CPU
		{05664F31-BE03-42CB-992B-B4585977386B}.Release|Any CPU.Build.0 = Release|Any CPU
		{02239161-A1C5-490A-9E5E-1369090CCD9F}.Debug|Any CPU.ActiveCfg = Debug|Any CPU
		{02239161-A1C5-490A-9E5E-1369090CCD9F}.Debug|Any CPU.Build.0 = Debug|Any CPU
		{02239161-A1C5-490A-9E5E-1369090CCD9F}.Release|Any CPU.ActiveCfg = Release|Any CPU
		{02239161-A1C5-490A-9E5E-1369090CCD9F}.Release|Any CPU.Build.0 = Release|Any CPU
		{DB29C95E-80D3-4EB0-8670-8D4F0A03042C}.Debug|Any CPU.ActiveCfg = Debug|Any CPU
		{DB29C95E-80D3-4EB0-8670-8D4F0A03042C}.Debug|Any CPU.Build.0 = Debug|Any CPU
		{DB29C95E-80D3-4EB0-8670-8D4F0A03042C}.Release|Any CPU.ActiveCfg = Release|Any CPU
		{DB29C95E-80D3-4EB0-8670-8D4F0A03042C}.Release|Any CPU.Build.0 = Release|Any CPU
		{4E57E27C-2286-480C-BFE0-36BFC4370204}.Debug|Any CPU.ActiveCfg = Debug|Any CPU
		{4E57E27C-2286-480C-BFE0-36BFC4370204}.Debug|Any CPU.Build.0 = Debug|Any CPU
		{4E57E27C-2286-480C-BFE0-36BFC4370204}.Release|Any CPU.ActiveCfg = Release|Any CPU
		{4E57E27C-2286-480C-BFE0-36BFC4370204}.Release|Any CPU.Build.0 = Release|Any CPU
		{42BB250A-6B75-476C-8F80-F4C062592AAE}.Debug|Any CPU.ActiveCfg = Debug|Any CPU
		{42BB250A-6B75-476C-8F80-F4C062592AAE}.Debug|Any CPU.Build.0 = Debug|Any CPU
		{42BB250A-6B75-476C-8F80-F4C062592AAE}.Release|Any CPU.ActiveCfg = Release|Any CPU
		{42BB250A-6B75-476C-8F80-F4C062592AAE}.Release|Any CPU.Build.0 = Release|Any CPU
		{0EB9E2F8-43C3-4387-825B-9B399F5A6469}.Debug|Any CPU.ActiveCfg = Debug|Any CPU
		{0EB9E2F8-43C3-4387-825B-9B399F5A6469}.Debug|Any CPU.Build.0 = Debug|Any CPU
		{0EB9E2F8-43C3-4387-825B-9B399F5A6469}.Release|Any CPU.ActiveCfg = Release|Any CPU
		{0EB9E2F8-43C3-4387-825B-9B399F5A6469}.Release|Any CPU.Build.0 = Release|Any CPU
		{EB933407-9D2B-444C-8447-C5C0E0E1B59C}.Debug|Any CPU.ActiveCfg = Debug|Any CPU
		{EB933407-9D2B-444C-8447-C5C0E0E1B59C}.Debug|Any CPU.Build.0 = Debug|Any CPU
		{EB933407-9D2B-444C-8447-C5C0E0E1B59C}.Release|Any CPU.ActiveCfg = Release|Any CPU
		{EB933407-9D2B-444C-8447-C5C0E0E1B59C}.Release|Any CPU.Build.0 = Release|Any CPU
		{79567F7B-E8A3-41E9-ABC4-746BA8BF9F95}.Debug|Any CPU.ActiveCfg = Debug|Any CPU
		{79567F7B-E8A3-41E9-ABC4-746BA8BF9F95}.Debug|Any CPU.Build.0 = Debug|Any CPU
		{79567F7B-E8A3-41E9-ABC4-746BA8BF9F95}.Release|Any CPU.ActiveCfg = Release|Any CPU
		{79567F7B-E8A3-41E9-ABC4-746BA8BF9F95}.Release|Any CPU.Build.0 = Release|Any CPU
		{A68875F6-9D8B-4DBA-B383-599E07F3FBB5}.Debug|Any CPU.ActiveCfg = Debug|Any CPU
		{A68875F6-9D8B-4DBA-B383-599E07F3FBB5}.Debug|Any CPU.Build.0 = Debug|Any CPU
		{A68875F6-9D8B-4DBA-B383-599E07F3FBB5}.Release|Any CPU.ActiveCfg = Release|Any CPU
		{A68875F6-9D8B-4DBA-B383-599E07F3FBB5}.Release|Any CPU.Build.0 = Release|Any CPU
		{0C340792-EC3D-4517-AE57-65536A1E9576}.Debug|Any CPU.ActiveCfg = Debug|Any CPU
		{0C340792-EC3D-4517-AE57-65536A1E9576}.Debug|Any CPU.Build.0 = Debug|Any CPU
		{0C340792-EC3D-4517-AE57-65536A1E9576}.Release|Any CPU.ActiveCfg = Release|Any CPU
		{0C340792-EC3D-4517-AE57-65536A1E9576}.Release|Any CPU.Build.0 = Release|Any CPU
		{F5575F51-732D-4854-9CCA-853698689A7F}.Debug|Any CPU.ActiveCfg = Debug|Any CPU
		{F5575F51-732D-4854-9CCA-853698689A7F}.Debug|Any CPU.Build.0 = Debug|Any CPU
		{F5575F51-732D-4854-9CCA-853698689A7F}.Release|Any CPU.ActiveCfg = Release|Any CPU
		{F5575F51-732D-4854-9CCA-853698689A7F}.Release|Any CPU.Build.0 = Release|Any CPU
		{8FCE0925-A1A5-44EF-814F-B7EE32EC68FB}.Debug|Any CPU.ActiveCfg = Debug|Any CPU
		{8FCE0925-A1A5-44EF-814F-B7EE32EC68FB}.Debug|Any CPU.Build.0 = Debug|Any CPU
		{8FCE0925-A1A5-44EF-814F-B7EE32EC68FB}.Release|Any CPU.ActiveCfg = Release|Any CPU
		{8FCE0925-A1A5-44EF-814F-B7EE32EC68FB}.Release|Any CPU.Build.0 = Release|Any CPU
		{2B5502A2-4B6F-4934-9DCA-4D11CE1D02BE}.Debug|Any CPU.ActiveCfg = Debug|Any CPU
		{2B5502A2-4B6F-4934-9DCA-4D11CE1D02BE}.Debug|Any CPU.Build.0 = Debug|Any CPU
		{2B5502A2-4B6F-4934-9DCA-4D11CE1D02BE}.Release|Any CPU.ActiveCfg = Release|Any CPU
		{2B5502A2-4B6F-4934-9DCA-4D11CE1D02BE}.Release|Any CPU.Build.0 = Release|Any CPU
		{3DEAB985-C002-4C9F-AF6F-C7750785B9F9}.Debug|Any CPU.ActiveCfg = Debug|Any CPU
		{3DEAB985-C002-4C9F-AF6F-C7750785B9F9}.Debug|Any CPU.Build.0 = Debug|Any CPU
		{3DEAB985-C002-4C9F-AF6F-C7750785B9F9}.Release|Any CPU.ActiveCfg = Release|Any CPU
		{3DEAB985-C002-4C9F-AF6F-C7750785B9F9}.Release|Any CPU.Build.0 = Release|Any CPU
		{291F505A-19A6-4292-89D0-198C4AE5ABE6}.Debug|Any CPU.ActiveCfg = Debug|Any CPU
		{291F505A-19A6-4292-89D0-198C4AE5ABE6}.Debug|Any CPU.Build.0 = Debug|Any CPU
		{291F505A-19A6-4292-89D0-198C4AE5ABE6}.Release|Any CPU.ActiveCfg = Release|Any CPU
		{291F505A-19A6-4292-89D0-198C4AE5ABE6}.Release|Any CPU.Build.0 = Release|Any CPU
		{F0924093-38B5-4C05-9ED3-8014A79606F3}.Debug|Any CPU.ActiveCfg = Debug|Any CPU
		{F0924093-38B5-4C05-9ED3-8014A79606F3}.Debug|Any CPU.Build.0 = Debug|Any CPU
		{F0924093-38B5-4C05-9ED3-8014A79606F3}.Release|Any CPU.ActiveCfg = Release|Any CPU
		{F0924093-38B5-4C05-9ED3-8014A79606F3}.Release|Any CPU.Build.0 = Release|Any CPU
		{9FF50278-4CBC-4E39-80C4-7169F38685E1}.Debug|Any CPU.ActiveCfg = Debug|Any CPU
		{9FF50278-4CBC-4E39-80C4-7169F38685E1}.Debug|Any CPU.Build.0 = Debug|Any CPU
		{9FF50278-4CBC-4E39-80C4-7169F38685E1}.Release|Any CPU.ActiveCfg = Release|Any CPU
		{9FF50278-4CBC-4E39-80C4-7169F38685E1}.Release|Any CPU.Build.0 = Release|Any CPU
		{CE5D0515-8072-46EE-8745-56844162ABB2}.Debug|Any CPU.ActiveCfg = Debug|Any CPU
		{CE5D0515-8072-46EE-8745-56844162ABB2}.Debug|Any CPU.Build.0 = Debug|Any CPU
		{CE5D0515-8072-46EE-8745-56844162ABB2}.Release|Any CPU.ActiveCfg = Release|Any CPU
		{CE5D0515-8072-46EE-8745-56844162ABB2}.Release|Any CPU.Build.0 = Release|Any CPU
		{A3071082-4E2F-448D-9395-AC4488BC478F}.Debug|Any CPU.ActiveCfg = Debug|Any CPU
		{A3071082-4E2F-448D-9395-AC4488BC478F}.Debug|Any CPU.Build.0 = Debug|Any CPU
		{A3071082-4E2F-448D-9395-AC4488BC478F}.Release|Any CPU.ActiveCfg = Release|Any CPU
		{A3071082-4E2F-448D-9395-AC4488BC478F}.Release|Any CPU.Build.0 = Release|Any CPU
		{8F01D4BB-45AF-4B07-BD2D-F00E4B9EC6D5}.Debug|Any CPU.ActiveCfg = Debug|Any CPU
		{8F01D4BB-45AF-4B07-BD2D-F00E4B9EC6D5}.Debug|Any CPU.Build.0 = Debug|Any CPU
		{8F01D4BB-45AF-4B07-BD2D-F00E4B9EC6D5}.Release|Any CPU.ActiveCfg = Release|Any CPU
		{8F01D4BB-45AF-4B07-BD2D-F00E4B9EC6D5}.Release|Any CPU.Build.0 = Release|Any CPU
		{DFF16158-7C40-4D74-8EAA-7E88F37F2005}.Debug|Any CPU.ActiveCfg = Debug|Any CPU
		{DFF16158-7C40-4D74-8EAA-7E88F37F2005}.Debug|Any CPU.Build.0 = Debug|Any CPU
		{DFF16158-7C40-4D74-8EAA-7E88F37F2005}.Release|Any CPU.ActiveCfg = Release|Any CPU
		{DFF16158-7C40-4D74-8EAA-7E88F37F2005}.Release|Any CPU.Build.0 = Release|Any CPU
		{32CD4873-3F8F-4F0A-B6AA-BBBCC1CA49E8}.Debug|Any CPU.ActiveCfg = Debug|Any CPU
		{32CD4873-3F8F-4F0A-B6AA-BBBCC1CA49E8}.Debug|Any CPU.Build.0 = Debug|Any CPU
		{32CD4873-3F8F-4F0A-B6AA-BBBCC1CA49E8}.Release|Any CPU.ActiveCfg = Release|Any CPU
		{32CD4873-3F8F-4F0A-B6AA-BBBCC1CA49E8}.Release|Any CPU.Build.0 = Release|Any CPU
		{89C7925F-E19C-4042-96C6-12F37ED25AF8}.Debug|Any CPU.ActiveCfg = Debug|Any CPU
		{89C7925F-E19C-4042-96C6-12F37ED25AF8}.Debug|Any CPU.Build.0 = Debug|Any CPU
		{89C7925F-E19C-4042-96C6-12F37ED25AF8}.Release|Any CPU.ActiveCfg = Release|Any CPU
		{89C7925F-E19C-4042-96C6-12F37ED25AF8}.Release|Any CPU.Build.0 = Release|Any CPU
		{E6EC16E3-12A8-4D3F-B814-0EE619A7A30E}.Debug|Any CPU.ActiveCfg = Debug|Any CPU
		{E6EC16E3-12A8-4D3F-B814-0EE619A7A30E}.Debug|Any CPU.Build.0 = Debug|Any CPU
		{E6EC16E3-12A8-4D3F-B814-0EE619A7A30E}.Release|Any CPU.ActiveCfg = Release|Any CPU
		{E6EC16E3-12A8-4D3F-B814-0EE619A7A30E}.Release|Any CPU.Build.0 = Release|Any CPU
		{3DB7BAE2-046B-491D-8A6B-6F13D81867A8}.Debug|Any CPU.ActiveCfg = Debug|Any CPU
		{3DB7BAE2-046B-491D-8A6B-6F13D81867A8}.Debug|Any CPU.Build.0 = Debug|Any CPU
		{3DB7BAE2-046B-491D-8A6B-6F13D81867A8}.Release|Any CPU.ActiveCfg = Release|Any CPU
		{3DB7BAE2-046B-491D-8A6B-6F13D81867A8}.Release|Any CPU.Build.0 = Release|Any CPU
		{3E87B700-BF48-46E2-896F-DD5DC1946685}.Debug|Any CPU.ActiveCfg = Debug|Any CPU
		{3E87B700-BF48-46E2-896F-DD5DC1946685}.Debug|Any CPU.Build.0 = Debug|Any CPU
		{3E87B700-BF48-46E2-896F-DD5DC1946685}.Release|Any CPU.ActiveCfg = Release|Any CPU
		{3E87B700-BF48-46E2-896F-DD5DC1946685}.Release|Any CPU.Build.0 = Release|Any CPU
		{9B4B5445-AE0F-49F5-86DD-0983FF5AAD9B}.Debug|Any CPU.ActiveCfg = Debug|Any CPU
		{9B4B5445-AE0F-49F5-86DD-0983FF5AAD9B}.Debug|Any CPU.Build.0 = Debug|Any CPU
		{9B4B5445-AE0F-49F5-86DD-0983FF5AAD9B}.Release|Any CPU.ActiveCfg = Release|Any CPU
		{9B4B5445-AE0F-49F5-86DD-0983FF5AAD9B}.Release|Any CPU.Build.0 = Release|Any CPU
		{85440C56-FF47-4C2E-AF88-25F80CE0A877}.Debug|Any CPU.ActiveCfg = Debug|Any CPU
		{85440C56-FF47-4C2E-AF88-25F80CE0A877}.Debug|Any CPU.Build.0 = Debug|Any CPU
		{85440C56-FF47-4C2E-AF88-25F80CE0A877}.Release|Any CPU.ActiveCfg = Release|Any CPU
		{85440C56-FF47-4C2E-AF88-25F80CE0A877}.Release|Any CPU.Build.0 = Release|Any CPU
		{3BA6C4EE-D103-42D6-A6ED-356919469CBD}.Debug|Any CPU.ActiveCfg = Debug|Any CPU
		{3BA6C4EE-D103-42D6-A6ED-356919469CBD}.Debug|Any CPU.Build.0 = Debug|Any CPU
		{3BA6C4EE-D103-42D6-A6ED-356919469CBD}.Release|Any CPU.ActiveCfg = Release|Any CPU
		{3BA6C4EE-D103-42D6-A6ED-356919469CBD}.Release|Any CPU.Build.0 = Release|Any CPU
		{0920DBA3-98EE-482A-8DDF-C34BF91EB09E}.Debug|Any CPU.ActiveCfg = Debug|Any CPU
		{0920DBA3-98EE-482A-8DDF-C34BF91EB09E}.Debug|Any CPU.Build.0 = Debug|Any CPU
		{0920DBA3-98EE-482A-8DDF-C34BF91EB09E}.Release|Any CPU.ActiveCfg = Release|Any CPU
		{0920DBA3-98EE-482A-8DDF-C34BF91EB09E}.Release|Any CPU.Build.0 = Release|Any CPU
		{C89BDAF0-AB4C-449B-8700-0309BC4B7CF2}.Debug|Any CPU.ActiveCfg = Debug|Any CPU
		{C89BDAF0-AB4C-449B-8700-0309BC4B7CF2}.Debug|Any CPU.Build.0 = Debug|Any CPU
		{C89BDAF0-AB4C-449B-8700-0309BC4B7CF2}.Release|Any CPU.ActiveCfg = Release|Any CPU
		{C89BDAF0-AB4C-449B-8700-0309BC4B7CF2}.Release|Any CPU.Build.0 = Release|Any CPU
		{4D37596A-DE6A-4933-BDC6-52462B4A695A}.Debug|Any CPU.ActiveCfg = Debug|Any CPU
		{4D37596A-DE6A-4933-BDC6-52462B4A695A}.Debug|Any CPU.Build.0 = Debug|Any CPU
		{4D37596A-DE6A-4933-BDC6-52462B4A695A}.Release|Any CPU.ActiveCfg = Release|Any CPU
		{4D37596A-DE6A-4933-BDC6-52462B4A695A}.Release|Any CPU.Build.0 = Release|Any CPU
		{9B6BEC63-DAA8-4544-91E9-2354C05F25BA}.Debug|Any CPU.ActiveCfg = Debug|Any CPU
		{9B6BEC63-DAA8-4544-91E9-2354C05F25BA}.Debug|Any CPU.Build.0 = Debug|Any CPU
		{9B6BEC63-DAA8-4544-91E9-2354C05F25BA}.Release|Any CPU.ActiveCfg = Release|Any CPU
		{9B6BEC63-DAA8-4544-91E9-2354C05F25BA}.Release|Any CPU.Build.0 = Release|Any CPU
		{DACF4C56-57A1-47D4-8338-FA264072C351}.Debug|Any CPU.ActiveCfg = Debug|Any CPU
		{DACF4C56-57A1-47D4-8338-FA264072C351}.Debug|Any CPU.Build.0 = Debug|Any CPU
		{DACF4C56-57A1-47D4-8338-FA264072C351}.Release|Any CPU.ActiveCfg = Release|Any CPU
		{DACF4C56-57A1-47D4-8338-FA264072C351}.Release|Any CPU.Build.0 = Release|Any CPU
		{B04BCE61-3C6B-4403-A9CB-36151BEB519C}.Debug|Any CPU.ActiveCfg = Debug|Any CPU
		{B04BCE61-3C6B-4403-A9CB-36151BEB519C}.Debug|Any CPU.Build.0 = Debug|Any CPU
		{B04BCE61-3C6B-4403-A9CB-36151BEB519C}.Release|Any CPU.ActiveCfg = Release|Any CPU
		{B04BCE61-3C6B-4403-A9CB-36151BEB519C}.Release|Any CPU.Build.0 = Release|Any CPU
	EndGlobalSection
	GlobalSection(SolutionProperties) = preSolution
		HideSolutionNode = FALSE
	EndGlobalSection
	GlobalSection(NestedProjects) = preSolution
		{8DDA707F-7EB9-4BA3-8BC6-EB785DCD8855} = {668C5022-E8F6-4B70-8783-918A4593903F}
		{A80424D0-E973-4B21-9933-353BCDDD0850} = {668C5022-E8F6-4B70-8783-918A4593903F}
		{05664F31-BE03-42CB-992B-B4585977386B} = {668C5022-E8F6-4B70-8783-918A4593903F}
		{02239161-A1C5-490A-9E5E-1369090CCD9F} = {668C5022-E8F6-4B70-8783-918A4593903F}
		{DB29C95E-80D3-4EB0-8670-8D4F0A03042C} = {668C5022-E8F6-4B70-8783-918A4593903F}
		{4E57E27C-2286-480C-BFE0-36BFC4370204} = {668C5022-E8F6-4B70-8783-918A4593903F}
		{42BB250A-6B75-476C-8F80-F4C062592AAE} = {668C5022-E8F6-4B70-8783-918A4593903F}
		{0EB9E2F8-43C3-4387-825B-9B399F5A6469} = {668C5022-E8F6-4B70-8783-918A4593903F}
		{EB933407-9D2B-444C-8447-C5C0E0E1B59C} = {668C5022-E8F6-4B70-8783-918A4593903F}
		{79567F7B-E8A3-41E9-ABC4-746BA8BF9F95} = {668C5022-E8F6-4B70-8783-918A4593903F}
		{A68875F6-9D8B-4DBA-B383-599E07F3FBB5} = {668C5022-E8F6-4B70-8783-918A4593903F}
		{0C340792-EC3D-4517-AE57-65536A1E9576} = {668C5022-E8F6-4B70-8783-918A4593903F}
		{F5575F51-732D-4854-9CCA-853698689A7F} = {668C5022-E8F6-4B70-8783-918A4593903F}
		{8FCE0925-A1A5-44EF-814F-B7EE32EC68FB} = {668C5022-E8F6-4B70-8783-918A4593903F}
		{2B5502A2-4B6F-4934-9DCA-4D11CE1D02BE} = {668C5022-E8F6-4B70-8783-918A4593903F}
		{3DEAB985-C002-4C9F-AF6F-C7750785B9F9} = {668C5022-E8F6-4B70-8783-918A4593903F}
		{291F505A-19A6-4292-89D0-198C4AE5ABE6} = {668C5022-E8F6-4B70-8783-918A4593903F}
		{F0924093-38B5-4C05-9ED3-8014A79606F3} = {668C5022-E8F6-4B70-8783-918A4593903F}
		{9FF50278-4CBC-4E39-80C4-7169F38685E1} = {668C5022-E8F6-4B70-8783-918A4593903F}
		{CE5D0515-8072-46EE-8745-56844162ABB2} = {668C5022-E8F6-4B70-8783-918A4593903F}
		{A3071082-4E2F-448D-9395-AC4488BC478F} = {668C5022-E8F6-4B70-8783-918A4593903F}
		{8F01D4BB-45AF-4B07-BD2D-F00E4B9EC6D5} = {668C5022-E8F6-4B70-8783-918A4593903F}
		{DFF16158-7C40-4D74-8EAA-7E88F37F2005} = {668C5022-E8F6-4B70-8783-918A4593903F}
		{32CD4873-3F8F-4F0A-B6AA-BBBCC1CA49E8} = {668C5022-E8F6-4B70-8783-918A4593903F}
		{89C7925F-E19C-4042-96C6-12F37ED25AF8} = {668C5022-E8F6-4B70-8783-918A4593903F}
		{E6EC16E3-12A8-4D3F-B814-0EE619A7A30E} = {668C5022-E8F6-4B70-8783-918A4593903F}
		{3DB7BAE2-046B-491D-8A6B-6F13D81867A8} = {668C5022-E8F6-4B70-8783-918A4593903F}
		{3E87B700-BF48-46E2-896F-DD5DC1946685} = {668C5022-E8F6-4B70-8783-918A4593903F}
		{9B4B5445-AE0F-49F5-86DD-0983FF5AAD9B} = {668C5022-E8F6-4B70-8783-918A4593903F}
		{85440C56-FF47-4C2E-AF88-25F80CE0A877} = {668C5022-E8F6-4B70-8783-918A4593903F}
		{3BA6C4EE-D103-42D6-A6ED-356919469CBD} = {668C5022-E8F6-4B70-8783-918A4593903F}
		{0920DBA3-98EE-482A-8DDF-C34BF91EB09E} = {668C5022-E8F6-4B70-8783-918A4593903F}
		{C89BDAF0-AB4C-449B-8700-0309BC4B7CF2} = {8BB9044E-22AA-4255-929B-0542701931FD}
		{4D37596A-DE6A-4933-BDC6-52462B4A695A} = {8BB9044E-22AA-4255-929B-0542701931FD}
		{9B6BEC63-DAA8-4544-91E9-2354C05F25BA} = {8BB9044E-22AA-4255-929B-0542701931FD}
		{DACF4C56-57A1-47D4-8338-FA264072C351} = {8BB9044E-22AA-4255-929B-0542701931FD}
		{B04BCE61-3C6B-4403-A9CB-36151BEB519C} = {8BB9044E-22AA-4255-929B-0542701931FD}
	EndGlobalSection
	GlobalSection(ExtensibilityGlobals) = postSolution
		SolutionGuid = {75F7266D-ED1A-4569-B305-1C8471DE4405}
	EndGlobalSection
EndGlobal
